github.com/coder/websocket v1.8.14 h1:9L0p0iKiNOibykf283eHkKUHHrpG7f65OE3BhhO7v9g=
github.com/coder/websocket v1.8.14/go.mod h1:NX3SzP+inril6yawo5CQXx8+fk145lPDC6pumgx0mVg=
github.com/expr-lang/expr v1.17.8 h1:W1loDTT+0PQf5YteHSTpju2qfUfNoBt4yw9+wOEU9VM=
github.com/expr-lang/expr v1.17.8/go.mod h1:8/vRC7+7HBzESEqt5kKpYXxrxkr31SaO8r40VO/1IT4=
github.com/pilot-protocol/app-store v0.2.0 h1:/SbLPa2dKnvhv0ITeaYMZw/2KXXxWDRuYUdM5z9eyKk=
github.com/pilot-protocol/app-store v0.2.0/go.mod h1:f0umeJxswDG8/CctHpSFMlr5GLtE2GlPKkijIQErZuc=
github.com/pilot-protocol/app-store v1.0.0-rc1.0.20260609015400-d02db7da3924 h1:pUK7tOsFIqYr2vwcfKT4t81+ntuVDbyffajkJa+2A3U=
github.com/pilot-protocol/app-store v1.0.0-rc1.0.20260609015400-d02db7da3924/go.mod h1:f0umeJxswDG8/CctHpSFMlr5GLtE2GlPKkijIQErZuc=
github.com/pilot-protocol/app-store v1.0.1-beta.1.0.20260609061942-8852c785a264 h1:NL9rFdakbVQ0V7xfJbCk8RJZSaQ1AmvdhAJwFIouMsk=
github.com/pilot-protocol/app-store v1.0.1-beta.1.0.20260609061942-8852c785a264/go.mod h1:zoCxHYoNdj0V44OkG3Yzcye0jnwZDVUcJgAvR5Z1kwc=
github.com/pilot-protocol/app-store v1.0.1-beta.1.0.20260616142430-8edfed7efa72 h1:vDiQ7ZheKIzlNqfviu5zeQzGVTMP63k1hC5HodEuyeQ=
github.com/pilot-protocol/app-store v1.0.1-beta.1.0.20260616142430-8edfed7efa72/go.mod h1:leZPtX43gE2JB7xeljexXri81g6qhdZfYExLtzI+bhg=
github.com/pilot-protocol/beacon v0.2.5 h1:5+pkSPoA35r+u4Hfrph/ZfOltOyiy8lh1sCfK5XqXKs=
github.com/pilot-protocol/beacon v0.2.5/go.mod h1:I/UhEv097g1z/qtAVDZbEhf3R5tzM0Dp71vGHah52A4=
github.com/pilot-protocol/beacon v0.2.6 h1:grxwaVyPRUT0W6coyjYfNkO0rpzOIrwrKn94S21DuVE=
github.com/pilot-protocol/beacon v0.2.6/go.mod h1:I/UhEv097g1z/qtAVDZbEhf3R5tzM0Dp71vGHah52A4=
github.com/pilot-protocol/common v0.4.8 h1:eS2Bc+XcZWJ/qhwwOZbXwIWhtNdOijuoEp716kQE+/c=
github.com/pilot-protocol/common v0.4.8/go.mod h1:yrAwPXGVMbXU+SADvOCmbdXjK/wJ3uA0KshyLvRlej4=
github.com/pilot-protocol/common v0.4.9-0.20260615113553-d5cbbfb3e5b6 h1:Us3qSMPTBHPDQXFPY07BoUanriw1rVzS6SAHcbddqzY=
github.com/pilot-protocol/common v0.4.9-0.20260615113553-d5cbbfb3e5b6/go.mod h1:yrAwPXGVMbXU+SADvOCmbdXjK/wJ3uA0KshyLvRlej4=
github.com/pilot-protocol/dataexchange v0.2.0 h1:ldE6AyrES1uvdnn1NBl0KZ7C+SSWNtmeHHU3CQhwSCo=
github.com/pilot-protocol/dataexchange v0.2.0/go.mod h1:JVy2+hr/IjzMPshxjExbGO/4SbJTs7ZJ7iYvT/ODF3Q=
github.com/pilot-protocol/dataexchange v0.2.1-beta.1.0.20260615113607-fac933edea98 h1:Bqgnf4CZC7aZJyDzz/E7agwXotArJg2FvFlNDqouhLo=
github.com/pilot-protocol/dataexchange v0.2.1-beta.1.0.20260615113607-fac933edea98/go.mod h1:tM9eyyruBdnxhhUtViasUjnAElwF/r5PQvCYKLdlTLY=
github.com/pilot-protocol/eventstream v0.2.2 h1:E0IjveK7K+dsIbE/5hD3N821FkHzxVsx1tiAORMzt8k=
github.com/pilot-protocol/eventstream v0.2.2/go.mod h1:gUjoMEItW1SRJYEq39VlcIeDe2LcE5B18/4bcaUJNrs=
github.com/pilot-protocol/handshake v0.2.0 h1:uLeV8iNHcsHbcVH+GZ9p7uuIbObA8BReDByF5XGjzB8=
github.com/pilot-protocol/handshake v0.2.0/go.mod h1:wMFeDFbz8Wu1aPZkcLAFDosZhYa3l5ab/SxUbRqhOig=
github.com/pilot-protocol/handshake v0.2.1 h1:ZPRLKPV5Heigzj4HNkwb/JOiabdVPg3XzH4LocCCCZo=
github.com/pilot-protocol/handshake v0.2.1/go.mod h1:g88rTfLUY9sxj9j41IqjpuEBZ5Rwe4xsOjh8JmTeGT8=
github.com/pilot-protocol/nameserver v0.2.1 h1:ACCa6WVkEoDZVctEe09WB24Lfobt/JoLDGIqX2MEnss=
github.com/pilot-protocol/nameserver v0.2.1/go.mod h1:ze4VFe74xdbyqu5oFPt0YGRrRMMnHWb/AczJhirG+h4=
github.com/pilot-protocol/policy v0.2.1 h1:s3aMgeDFVYzDNBcdvO4mzDRlrRF5CvMepW7az4HSmVU=
github.com/pilot-protocol/policy v0.2.1/go.mod h1:jzsAO71uGlRVyduPrQmS/UeqSwUpeUO/CjykHm/IfXM=
github.com/pilot-protocol/policy v0.2.2 h1:Co8sqZ4lRQfFA0Ot8l33VhsEwfiEVqcPz+kHY49QbkM=
github.com/pilot-protocol/policy v0.2.2/go.mod h1:jzsAO71uGlRVyduPrQmS/UeqSwUpeUO/CjykHm/IfXM=
github.com/pilot-protocol/rendezvous v0.2.4 h1:nxYm12RzEUA6zzNGcnDqxNcGBSIALL5uRH9zX+Q0CSg=
github.com/pilot-protocol/rendezvous v0.2.4/go.mod h1:w7SC0nZCmWPyc7hxdFZ200zQVA75UoaC25MznUQXNFE=
github.com/pilot-protocol/rendezvous v0.2.5-0.20260615154750-f09cf1a708b0 h1:kKeSXIEfE677+yanooStfSnneQ3dFCb22WPJbyj+yng=
github.com/pilot-protocol/rendezvous v0.2.5-0.20260615154750-f09cf1a708b0/go.mod h1:Gv1BwKx5oBUZCMNpCxa9enBFa6uy9hHDSI2r28QdIrg=
github.com/pilot-protocol/runtime v0.3.0 h1:OVPv7hyaAZsw5EPWtf2XQGfCqxgaM/iANPhIYOMp+0w=
github.com/pilot-protocol/runtime v0.3.0/go.mod h1:GfFEIji0w7H9SSNR9Wl2q72pd2OYN3PHY9Qhcbvyrqk=
github.com/pilot-protocol/runtime v0.3.1 h1:+W9ww0dZY/FgOBtCmIOV3w5L5Z4Upt/RIsrYElXZ1zs=
github.com/pilot-protocol/runtime v0.3.1/go.mod h1:GfFEIji0w7H9SSNR9Wl2q72pd2OYN3PHY9Qhcbvyrqk=
github.com/pilot-protocol/skillinject v0.2.1 h1:r7cwDlRTLHGPhL2+RtGa0GWz/M89yw0My+OND+wP5Ic=
github.com/pilot-protocol/skillinject v0.2.1/go.mod h1:toizAf7eI2IgsDRGiqF3mRiVpF4ISYwVQeO3ZltZEcM=
github.com/pilot-protocol/skillinject v0.2.2 h1:cQKvafj2hJM7ewhrRuWnb8a3uzdgSPvkNs1F2j1NlUA=
github.com/pilot-protocol/skillinject v0.2.2/go.mod h1:toizAf7eI2IgsDRGiqF3mRiVpF4ISYwVQeO3ZltZEcM=
github.com/pilot-protocol/trustedagents v0.2.2 h1:EpK25654aN+CBeBhZkHUPh3J545pGoxLofLJmDmo1F0=
github.com/pilot-protocol/trustedagents v0.2.2/go.mod h1:r3wYwh5QpFDwG4nXbCA3RH2aA+hqM07KLMFFc3tbvKA=
github.com/pilot-protocol/trustedagents v0.2.3 h1:QQJHYqzPrECJwkCev0xIDBMjd92uhtcxcCMc2aOrRHc=
github.com/pilot-protocol/trustedagents v0.2.3/go.mod h1:gDgEOC9lHmXSS9v45h80XxlmUS861soIrA0AsbXiSV4=
github.com/pilot-protocol/updater v0.2.2-0.20260529065627-220ed5b8383f h1:1dyunPeEOriqTv1xbt0fuDwieA5V5NLU1nVSC2714jU=
github.com/pilot-protocol/updater v0.2.2-0.20260529065627-220ed5b8383f/go.mod h1:/I0uhVk1SljAOEYmjTdI/6CP7UmemmV4WB22ai1FxUw=
github.com/pilot-protocol/updater v0.2.2-0.20260616131353-92a3a30a235e h1:vFzuw5dUVi0igwI2PdVzDY8OnY6FDLzM05wzI75zUZ8=
github.com/pilot-protocol/updater v0.2.2-0.20260616131353-92a3a30a235e/go.mod h1:/I0uhVk1SljAOEYmjTdI/6CP7UmemmV4WB22ai1FxUw=
github.com/pilot-protocol/webhook v0.2.0 h1:3UFU9X2yBb0iKlPbzVcism+Z6yCrBBaOgdo9+vd4Wf4=
github.com/pilot-protocol/webhook v0.2.0/go.mod h1:WVXhHFg+o0pHHk+4nXMCh1zl/ZAyZ3AXrtx6mNuZS6g=
golang.org/x/net v0.55.0 h1:bcvxaJn3e1U6InsFWt1JUq1aSjnRxLzT2rtD2KfkDF8=
golang.org/x/net v0.55.0/go.mod h1:L5U2KuzuOe1lY7Z+aWVIKK6qEeJXnXV9yzGA+WCHJww=
golang.org/x/sys v0.45.0 h1:dO4czNzziLiiXplLQgBCEpCvXQ3dnkn0SdaZSYdQ+FY=
golang.org/x/sys v0.45.0/go.mod h1:4GL1E5IUh+htKOUEOaiffhrAeqysfVGipDYzABqnCmw=
golang.org/x/sys v0.46.0 h1:noSf2Fq6F8DBgS+LysIkx7rIExoNHJsxOAtPp4rthXw=
golang.org/x/sys v0.46.0/go.mod h1:4GL1E5IUh+htKOUEOaiffhrAeqysfVGipDYzABqnCmw=
