github.com/coder/websocket v1.8.14 h1:9L0p0iKiNOibykf283eHkKUHHrpG7f65OE3BhhO7v9g=
github.com/coder/websocket v1.8.14/go.mod h1:NX3SzP+inril6yawo5CQXx8+fk145lPDC6pumgx0mVg=
github.com/expr-lang/expr v1.17.8 h1:W1loDTT+0PQf5YteHSTpju2qfUfNoBt4yw9+wOEU9VM=
github.com/expr-lang/expr v1.17.8/go.mod h1:8/vRC7+7HBzESEqt5kKpYXxrxkr31SaO8r40VO/1IT4=
github.com/pilot-protocol/app-store v0.1.0 h1:mMEbr04GURXWuFd4kQBONZZK+AMrXxdVt+IujeySfo8=
github.com/pilot-protocol/app-store v0.1.0/go.mod h1:0fo1XjzzLHmRMGuTc22aOLAseQzms7qM4QXfGilmMWY=
github.com/pilot-protocol/beacon v0.1.0 h1:jXO8duAzzpB8K+9It0QwR9BRupgKZ8IQhuwqy7rqtmk=
github.com/pilot-protocol/beacon v0.1.0/go.mod h1:PejZP5sZ4s5Lrtc0wdYHSEJVc7cn6E8yqo0R4CV+iUo=
github.com/pilot-protocol/common v0.1.0 h1:m8mZZATgeBiFoqhWXPnskw2u0lNkWxHp0IagZK35V1g=
github.com/pilot-protocol/common v0.1.0/go.mod h1:4YZWHK5nhM+4RLmYTspLxxAFbyBII7yzQDAHq3Ul2ck=
github.com/pilot-protocol/common v0.4.0 h1:lH1WdQBU5Zan1rAqF/kYpcJO6vBoYVWXrWUNwMX10jA=
github.com/pilot-protocol/common v0.4.0/go.mod h1:yrAwPXGVMbXU+SADvOCmbdXjK/wJ3uA0KshyLvRlej4=
github.com/pilot-protocol/dataexchange v0.1.0 h1:JJ29lL/LxDd1+szKFoEVxakzT93Tid3zoaAUBVGNKV4=
github.com/pilot-protocol/dataexchange v0.1.0/go.mod h1:mXD17Vh0Eup+M//YhCm4j6D/DyFaZM7JzN5xexBdfLs=
github.com/pilot-protocol/eventstream v0.1.0 h1:uHNTNTMA9MasBBpi2nCRkvFmFvTxbKCk7azPfuILkvY=
github.com/pilot-protocol/eventstream v0.1.0/go.mod h1:sFhEh/YP76Sjhn8kNz7SOvqgk0vaJEIFkXMXAKlPqnY=
github.com/pilot-protocol/gateway v0.1.0 h1:mCbMMO4N7hkkuFELHCaBKGwmGXIeWW6fR8YMS9aEBgk=
github.com/pilot-protocol/gateway v0.1.0/go.mod h1:NvzDHFgPDno8ftTMDeFUnU7yZxXEx/3ds1cX3IN5YV0=
github.com/pilot-protocol/handshake v0.1.0 h1:TmqIglsimTynKtE5hLpCt/SZmmBYs8OCn4qn755fmew=
github.com/pilot-protocol/handshake v0.1.0/go.mod h1:FIIMTgRcMIMEim/1d7F5f6YenJC+3xl53QMEmnnJY+0=
github.com/pilot-protocol/nameserver v0.1.0 h1:91R7g36eIXMKX7Ld1YObtNsDh72smw+eD1rIVxvutQM=
github.com/pilot-protocol/nameserver v0.1.0/go.mod h1:6o01gsjvw4LqYIAxI5sD8OHfaiWv78jC8aPtoxV7nJA=
github.com/pilot-protocol/policy v0.1.0 h1:Eh0CfCZDEX8UCkMPi2MrNrhCe8c15a/Bqf4eaKUhyis=
github.com/pilot-protocol/policy v0.1.0/go.mod h1:IMVm7IQhgLtH/iXow2AWFuLl+sKrxJ4mGs4EKLoHop8=
github.com/pilot-protocol/rendezvous v0.1.0 h1:vOBD7CnRY8uU8vma0Vfcr0aPSQ54qNuxppNUiljzk9Y=
github.com/pilot-protocol/rendezvous v0.1.0/go.mod h1:g3/IYBykbU5m9jeprSCrmuoDpaqROO4Lu/+ecKVIF3A=
github.com/pilot-protocol/runtime v0.1.0 h1:TyerRWKVN38WM2RAPR5bhCdY5cR7d3UYg5neUK0pdZk=
github.com/pilot-protocol/runtime v0.1.0/go.mod h1:X1sImTG8xu6HkvKimu8Eq91HmDKQt6GHEWju7HxofEQ=
github.com/pilot-protocol/skillinject v0.1.0 h1:gs912gqmxl0ifIvswefjx8BzPCmoBWS77mSp/RC1YEY=
github.com/pilot-protocol/skillinject v0.1.0/go.mod h1:303GIB6j95ZhnoYeTlYzlBDhUbO01PB/6KGohm4DcJs=
github.com/pilot-protocol/trustedagents v0.1.0 h1:rCX0IQxfZ84Q4dSgw01WJgjHUODRnI3iAon1t+NuFGE=
github.com/pilot-protocol/trustedagents v0.1.0/go.mod h1:uVySmuMPb6N7AOCnvLHN2I9C9ggqEpfBmAZwVuP5Xaw=
github.com/pilot-protocol/updater v0.2.2-0.20260529065627-220ed5b8383f h1:1dyunPeEOriqTv1xbt0fuDwieA5V5NLU1nVSC2714jU=
github.com/pilot-protocol/updater v0.2.2-0.20260529065627-220ed5b8383f/go.mod h1:/I0uhVk1SljAOEYmjTdI/6CP7UmemmV4WB22ai1FxUw=
github.com/pilot-protocol/webhook v0.1.0 h1:SnIcn+IdHvzoJt+OFzGJbkBHurjNBD0xSc6HAUvExAg=
github.com/pilot-protocol/webhook v0.1.0/go.mod h1:c0du05MMy8FYnlc2YGqUWxRgTP8pRWTrtIdNuRhf6uk=
golang.org/x/net v0.55.0 h1:bcvxaJn3e1U6InsFWt1JUq1aSjnRxLzT2rtD2KfkDF8=
golang.org/x/net v0.55.0/go.mod h1:L5U2KuzuOe1lY7Z+aWVIKK6qEeJXnXV9yzGA+WCHJww=
golang.org/x/sys v0.45.0 h1:dO4czNzziLiiXplLQgBCEpCvXQ3dnkn0SdaZSYdQ+FY=
golang.org/x/sys v0.45.0/go.mod h1:4GL1E5IUh+htKOUEOaiffhrAeqysfVGipDYzABqnCmw=
