github.com/TeoSlayer/pilotprotocol v1.10.5 h1:2zIVdjLoGSBnRtzpKSFvM9J1tf4Vp1fNmsZGBbBWLus=
github.com/TeoSlayer/pilotprotocol v1.10.5/go.mod h1:gabsXHzwAeIJGSU5zdwoeSolP5dWfPrmZZj6obS0sBw=
github.com/coder/websocket v1.8.15 h1:6B2JPeOGlpff2Uz6vOEH1Vzpi0iUz20A+lPVhPHtNUA=
github.com/coder/websocket v1.8.15/go.mod h1:NX3SzP+inril6yawo5CQXx8+fk145lPDC6pumgx0mVg=
github.com/expr-lang/expr v1.17.8 h1:W1loDTT+0PQf5YteHSTpju2qfUfNoBt4yw9+wOEU9VM=
github.com/expr-lang/expr v1.17.8/go.mod h1:8/vRC7+7HBzESEqt5kKpYXxrxkr31SaO8r40VO/1IT4=
github.com/pilot-protocol/app-store v1.0.1-beta.1.0.20260616142430-8edfed7efa72 h1:vDiQ7ZheKIzlNqfviu5zeQzGVTMP63k1hC5HodEuyeQ=
github.com/pilot-protocol/app-store v1.0.1-beta.1.0.20260616142430-8edfed7efa72/go.mod h1:leZPtX43gE2JB7xeljexXri81g6qhdZfYExLtzI+bhg=
github.com/pilot-protocol/beacon v0.2.6 h1:grxwaVyPRUT0W6coyjYfNkO0rpzOIrwrKn94S21DuVE=
github.com/pilot-protocol/beacon v0.2.6/go.mod h1:I/UhEv097g1z/qtAVDZbEhf3R5tzM0Dp71vGHah52A4=
github.com/pilot-protocol/common v0.5.2 h1:9XfXChC/9fX+BH0TT/wBwcgOMh7m+0IDjf80pjxqiRk=
github.com/pilot-protocol/common v0.5.2/go.mod h1:yrAwPXGVMbXU+SADvOCmbdXjK/wJ3uA0KshyLvRlej4=
github.com/pilot-protocol/dataexchange v0.2.1-beta.1.0.20260615113607-fac933edea98 h1:Bqgnf4CZC7aZJyDzz/E7agwXotArJg2FvFlNDqouhLo=
github.com/pilot-protocol/dataexchange v0.2.1-beta.1.0.20260615113607-fac933edea98/go.mod h1:tM9eyyruBdnxhhUtViasUjnAElwF/r5PQvCYKLdlTLY=
github.com/pilot-protocol/eventstream v0.2.2 h1:E0IjveK7K+dsIbE/5hD3N821FkHzxVsx1tiAORMzt8k=
github.com/pilot-protocol/eventstream v0.2.2/go.mod h1:gUjoMEItW1SRJYEq39VlcIeDe2LcE5B18/4bcaUJNrs=
github.com/pilot-protocol/handshake v0.2.1 h1:ZPRLKPV5Heigzj4HNkwb/JOiabdVPg3XzH4LocCCCZo=
github.com/pilot-protocol/handshake v0.2.1/go.mod h1:g88rTfLUY9sxj9j41IqjpuEBZ5Rwe4xsOjh8JmTeGT8=
github.com/pilot-protocol/nameserver v0.2.1 h1:ACCa6WVkEoDZVctEe09WB24Lfobt/JoLDGIqX2MEnss=
github.com/pilot-protocol/nameserver v0.2.1/go.mod h1:ze4VFe74xdbyqu5oFPt0YGRrRMMnHWb/AczJhirG+h4=
github.com/pilot-protocol/policy v0.2.2 h1:Co8sqZ4lRQfFA0Ot8l33VhsEwfiEVqcPz+kHY49QbkM=
github.com/pilot-protocol/policy v0.2.2/go.mod h1:jzsAO71uGlRVyduPrQmS/UeqSwUpeUO/CjykHm/IfXM=
github.com/pilot-protocol/rendezvous v0.2.5 h1:PvApwKHU2DnvK8pA6K9RAohUomZNu6vX6ccIEoTogvo=
github.com/pilot-protocol/rendezvous v0.2.5/go.mod h1:nUPZaM1R1x0iEKbTp1TuYqro2wgBArwT0E4wauR8I2E=
github.com/pilot-protocol/runtime v0.3.1 h1:+W9ww0dZY/FgOBtCmIOV3w5L5Z4Upt/RIsrYElXZ1zs=
github.com/pilot-protocol/runtime v0.3.1/go.mod h1:GfFEIji0w7H9SSNR9Wl2q72pd2OYN3PHY9Qhcbvyrqk=
github.com/pilot-protocol/skillinject v0.2.3 h1:Bf0tqRe7tqYY27X5RGCOf4LGjtWpyQvN/03YumDBDJs=
github.com/pilot-protocol/skillinject v0.2.3/go.mod h1:fCzivA/bjkXRgGjp6yd7nqfaIETtU+lQRocBu0J/O9g=
github.com/pilot-protocol/trustedagents v0.2.3 h1:QQJHYqzPrECJwkCev0xIDBMjd92uhtcxcCMc2aOrRHc=
github.com/pilot-protocol/trustedagents v0.2.3/go.mod h1:gDgEOC9lHmXSS9v45h80XxlmUS861soIrA0AsbXiSV4=
github.com/pilot-protocol/updater v0.2.2-0.20260616131353-92a3a30a235e h1:vFzuw5dUVi0igwI2PdVzDY8OnY6FDLzM05wzI75zUZ8=
github.com/pilot-protocol/updater v0.2.2-0.20260616131353-92a3a30a235e/go.mod h1:/I0uhVk1SljAOEYmjTdI/6CP7UmemmV4WB22ai1FxUw=
github.com/pilot-protocol/webhook v0.2.0 h1:3UFU9X2yBb0iKlPbzVcism+Z6yCrBBaOgdo9+vd4Wf4=
github.com/pilot-protocol/webhook v0.2.0/go.mod h1:WVXhHFg+o0pHHk+4nXMCh1zl/ZAyZ3AXrtx6mNuZS6g=
golang.org/x/net v0.55.0 h1:bcvxaJn3e1U6InsFWt1JUq1aSjnRxLzT2rtD2KfkDF8=
golang.org/x/net v0.55.0/go.mod h1:L5U2KuzuOe1lY7Z+aWVIKK6qEeJXnXV9yzGA+WCHJww=
golang.org/x/sys v0.46.0 h1:noSf2Fq6F8DBgS+LysIkx7rIExoNHJsxOAtPp4rthXw=
golang.org/x/sys v0.46.0/go.mod h1:4GL1E5IUh+htKOUEOaiffhrAeqysfVGipDYzABqnCmw=
